
Microsoft Visual Studio Solution File, Format Version 12.00
# Visual Studio 15
VisualStudioVersion = 15.0.28307.489
MinimumVisualStudioVersion = 10.0.40219.1
Project("{8BC9CEB8-8B4A-11D0-8D11-00A0C91BC942}") = "191128_最大公共子串计算", "191128_最大公共子串计算\191128_最大公共子串计算.vcxproj", "{F61FC87D-5EB5-43F6-8B4B-074FDB88FC73}"
EndProject
Global
	GlobalSection(SolutionConfigurationPlatforms) = preSolution
		Debug|x64 = Debug|x64
		Debug|x86 = Debug|x86
		Release|x64 = Release|x64
		Release|x86 = Release|x86
	EndGlobalSection
	GlobalSection(ProjectConfigurationPlatforms) = postSolution
		{F61FC87D-5EB5-43F6-8B4B-074FDB88FC73}.Debug|x64.ActiveCfg = Debug|x64
		{F61FC87D-5EB5-43F6-8B4B-074FDB88FC73}.Debug|x64.Build.0 = Debug|x64
		{F61FC87D-5EB5-43F6-8B4B-074FDB88FC73}.Debug|x86.ActiveCfg = Debug|Win32
		{F61FC87D-5EB5-43F6-8B4B-074FDB88FC73}.Debug|x86.Build.0 = Debug|Win32
		{F61FC87D-5EB5-43F6-8B4B-074FDB88FC73}.Release|x64.ActiveCfg = Release|x64
		{F61FC87D-5EB5-43F6-8B4B-074FDB88FC73}.Release|x64.Build.0 = Release|x64
		{F61FC87D-5EB5-43F6-8B4B-074FDB88FC73}.Release|x86.ActiveCfg = Release|Win32
		{F61FC87D-5EB5-43F6-8B4B-074FDB88FC73}.Release|x86.Build.0 = Release|Win32
	EndGlobalSection
	GlobalSection(SolutionProperties) = preSolution
		HideSolutionNode = FALSE
	EndGlobalSection
	GlobalSection(ExtensibilityGlobals) = postSolution
		SolutionGuid = {D77601ED-E84A-4193-9470-325942B92D80}
	EndGlobalSection
EndGlobal
