
Microsoft Visual Studio Solution File, Format Version 12.00
# Visual Studio 15
VisualStudioVersion = 15.0.28307.489
MinimumVisualStudioVersion = 10.0.40219.1
Project("{8BC9CEB8-8B4A-11D0-8D11-00A0C91BC942}") = "191117_HomeWork2", "191117_HomeWork2\191117_HomeWork2.vcxproj", "{2EFD6098-2DC0-4F76-BE7D-4D2CF8396ACF}"
EndProject
Global
	GlobalSection(SolutionConfigurationPlatforms) = preSolution
		Debug|x64 = Debug|x64
		Debug|x86 = Debug|x86
		Release|x64 = Release|x64
		Release|x86 = Release|x86
	EndGlobalSection
	GlobalSection(ProjectConfigurationPlatforms) = postSolution
		{2EFD6098-2DC0-4F76-BE7D-4D2CF8396ACF}.Debug|x64.ActiveCfg = Debug|x64
		{2EFD6098-2DC0-4F76-BE7D-4D2CF8396ACF}.Debug|x64.Build.0 = Debug|x64
		{2EFD6098-2DC0-4F76-BE7D-4D2CF8396ACF}.Debug|x86.ActiveCfg = Debug|Win32
		{2EFD6098-2DC0-4F76-BE7D-4D2CF8396ACF}.Debug|x86.Build.0 = Debug|Win32
		{2EFD6098-2DC0-4F76-BE7D-4D2CF8396ACF}.Release|x64.ActiveCfg = Release|x64
		{2EFD6098-2DC0-4F76-BE7D-4D2CF8396ACF}.Release|x64.Build.0 = Release|x64
		{2EFD6098-2DC0-4F76-BE7D-4D2CF8396ACF}.Release|x86.ActiveCfg = Release|Win32
		{2EFD6098-2DC0-4F76-BE7D-4D2CF8396ACF}.Release|x86.Build.0 = Release|Win32
	EndGlobalSection
	GlobalSection(SolutionProperties) = preSolution
		HideSolutionNode = FALSE
	EndGlobalSection
	GlobalSection(ExtensibilityGlobals) = postSolution
		SolutionGuid = {02B9C5C1-F934-4C60-A966-241DD475DD52}
	EndGlobalSection
EndGlobal
