
Microsoft Visual Studio Solution File, Format Version 12.00
# Visual Studio 15
VisualStudioVersion = 15.0.28307.489
MinimumVisualStudioVersion = 10.0.40219.1
Project("{8BC9CEB8-8B4A-11D0-8D11-00A0C91BC942}") = "190923_全排列(电话号码字母组合)", "190923_全排列(电话号码字母组合)\190923_全排列(电话号码字母组合).vcxproj", "{E18BDED1-95BF-4242-8B52-03EC9B548066}"
EndProject
Global
	GlobalSection(SolutionConfigurationPlatforms) = preSolution
		Debug|x64 = Debug|x64
		Debug|x86 = Debug|x86
		Release|x64 = Release|x64
		Release|x86 = Release|x86
	EndGlobalSection
	GlobalSection(ProjectConfigurationPlatforms) = postSolution
		{E18BDED1-95BF-4242-8B52-03EC9B548066}.Debug|x64.ActiveCfg = Debug|x64
		{E18BDED1-95BF-4242-8B52-03EC9B548066}.Debug|x64.Build.0 = Debug|x64
		{E18BDED1-95BF-4242-8B52-03EC9B548066}.Debug|x86.ActiveCfg = Debug|Win32
		{E18BDED1-95BF-4242-8B52-03EC9B548066}.Debug|x86.Build.0 = Debug|Win32
		{E18BDED1-95BF-4242-8B52-03EC9B548066}.Release|x64.ActiveCfg = Release|x64
		{E18BDED1-95BF-4242-8B52-03EC9B548066}.Release|x64.Build.0 = Release|x64
		{E18BDED1-95BF-4242-8B52-03EC9B548066}.Release|x86.ActiveCfg = Release|Win32
		{E18BDED1-95BF-4242-8B52-03EC9B548066}.Release|x86.Build.0 = Release|Win32
	EndGlobalSection
	GlobalSection(SolutionProperties) = preSolution
		HideSolutionNode = FALSE
	EndGlobalSection
	GlobalSection(ExtensibilityGlobals) = postSolution
		SolutionGuid = {73DB723F-5001-44B3-BBB3-EED870614A0B}
	EndGlobalSection
EndGlobal
