
Microsoft Visual Studio Solution File, Format Version 12.00
# Visual Studio 15
VisualStudioVersion = 15.0.28307.489
MinimumVisualStudioVersion = 10.0.40219.1
Project("{8BC9CEB8-8B4A-11D0-8D11-00A0C91BC942}") = "191130_字符串中只出现一次的字符", "191130_字符串中只出现一次的字符\191130_字符串中只出现一次的字符.vcxproj", "{35D3A562-D867-4316-85A0-D393DB1298A2}"
EndProject
Global
	GlobalSection(SolutionConfigurationPlatforms) = preSolution
		Debug|x64 = Debug|x64
		Debug|x86 = Debug|x86
		Release|x64 = Release|x64
		Release|x86 = Release|x86
	EndGlobalSection
	GlobalSection(ProjectConfigurationPlatforms) = postSolution
		{35D3A562-D867-4316-85A0-D393DB1298A2}.Debug|x64.ActiveCfg = Debug|x64
		{35D3A562-D867-4316-85A0-D393DB1298A2}.Debug|x64.Build.0 = Debug|x64
		{35D3A562-D867-4316-85A0-D393DB1298A2}.Debug|x86.ActiveCfg = Debug|Win32
		{35D3A562-D867-4316-85A0-D393DB1298A2}.Debug|x86.Build.0 = Debug|Win32
		{35D3A562-D867-4316-85A0-D393DB1298A2}.Release|x64.ActiveCfg = Release|x64
		{35D3A562-D867-4316-85A0-D393DB1298A2}.Release|x64.Build.0 = Release|x64
		{35D3A562-D867-4316-85A0-D393DB1298A2}.Release|x86.ActiveCfg = Release|Win32
		{35D3A562-D867-4316-85A0-D393DB1298A2}.Release|x86.Build.0 = Release|Win32
	EndGlobalSection
	GlobalSection(SolutionProperties) = preSolution
		HideSolutionNode = FALSE
	EndGlobalSection
	GlobalSection(ExtensibilityGlobals) = postSolution
		SolutionGuid = {D37EA513-8BCA-40F3-8C5A-E4512C4B1048}
	EndGlobalSection
EndGlobal
