
Microsoft Visual Studio Solution File, Format Version 12.00
# Visual Studio 15
VisualStudioVersion = 15.0.28307.489
MinimumVisualStudioVersion = 10.0.40219.1
Project("{8BC9CEB8-8B4A-11D0-8D11-00A0C91BC942}") = "191208_因子个数", "191208_因子个数\191208_因子个数.vcxproj", "{DD904D50-BBC2-4865-8B1C-F965F41139C3}"
EndProject
Global
	GlobalSection(SolutionConfigurationPlatforms) = preSolution
		Debug|x64 = Debug|x64
		Debug|x86 = Debug|x86
		Release|x64 = Release|x64
		Release|x86 = Release|x86
	EndGlobalSection
	GlobalSection(ProjectConfigurationPlatforms) = postSolution
		{DD904D50-BBC2-4865-8B1C-F965F41139C3}.Debug|x64.ActiveCfg = Debug|x64
		{DD904D50-BBC2-4865-8B1C-F965F41139C3}.Debug|x64.Build.0 = Debug|x64
		{DD904D50-BBC2-4865-8B1C-F965F41139C3}.Debug|x86.ActiveCfg = Debug|Win32
		{DD904D50-BBC2-4865-8B1C-F965F41139C3}.Debug|x86.Build.0 = Debug|Win32
		{DD904D50-BBC2-4865-8B1C-F965F41139C3}.Release|x64.ActiveCfg = Release|x64
		{DD904D50-BBC2-4865-8B1C-F965F41139C3}.Release|x64.Build.0 = Release|x64
		{DD904D50-BBC2-4865-8B1C-F965F41139C3}.Release|x86.ActiveCfg = Release|Win32
		{DD904D50-BBC2-4865-8B1C-F965F41139C3}.Release|x86.Build.0 = Release|Win32
	EndGlobalSection
	GlobalSection(SolutionProperties) = preSolution
		HideSolutionNode = FALSE
	EndGlobalSection
	GlobalSection(ExtensibilityGlobals) = postSolution
		SolutionGuid = {07789735-3246-46E8-A20F-10FD3D4706CF}
	EndGlobalSection
EndGlobal
