
Microsoft Visual Studio Solution File, Format Version 12.00
# Visual Studio 15
VisualStudioVersion = 15.0.28307.489
MinimumVisualStudioVersion = 10.0.40219.1
Project("{8BC9CEB8-8B4A-11D0-8D11-00A0C91BC942}") = "190917_大数相乘", "190917_大数相乘\190917_大数相乘.vcxproj", "{8FEA3434-A63A-4154-8861-88B44D31405C}"
EndProject
Global
	GlobalSection(SolutionConfigurationPlatforms) = preSolution
		Debug|x64 = Debug|x64
		Debug|x86 = Debug|x86
		Release|x64 = Release|x64
		Release|x86 = Release|x86
	EndGlobalSection
	GlobalSection(ProjectConfigurationPlatforms) = postSolution
		{8FEA3434-A63A-4154-8861-88B44D31405C}.Debug|x64.ActiveCfg = Debug|x64
		{8FEA3434-A63A-4154-8861-88B44D31405C}.Debug|x64.Build.0 = Debug|x64
		{8FEA3434-A63A-4154-8861-88B44D31405C}.Debug|x86.ActiveCfg = Debug|Win32
		{8FEA3434-A63A-4154-8861-88B44D31405C}.Debug|x86.Build.0 = Debug|Win32
		{8FEA3434-A63A-4154-8861-88B44D31405C}.Release|x64.ActiveCfg = Release|x64
		{8FEA3434-A63A-4154-8861-88B44D31405C}.Release|x64.Build.0 = Release|x64
		{8FEA3434-A63A-4154-8861-88B44D31405C}.Release|x86.ActiveCfg = Release|Win32
		{8FEA3434-A63A-4154-8861-88B44D31405C}.Release|x86.Build.0 = Release|Win32
	EndGlobalSection
	GlobalSection(SolutionProperties) = preSolution
		HideSolutionNode = FALSE
	EndGlobalSection
	GlobalSection(ExtensibilityGlobals) = postSolution
		SolutionGuid = {8D21A169-9989-4B01-A36E-A827F9DF831E}
	EndGlobalSection
EndGlobal
